
Microsoft Visual Studio Solution File, Format Version 12.00
# Visual Studio Version 16
VisualStudioVersion = 16.0.31005.135
MinimumVisualStudioVersion = 10.0.40219.1
Project("{FAE04EC0-301F-11D3-BF4B-00C04F79EFBC}") = "SpecFlowRozetkaTests", "SpecFlowRozetkaTests\SpecFlowRozetkaTests.csproj", "{C119CCE7-E5DC-42E7-965D-117EB68403AE}"
EndProject
Global
	GlobalSection(SolutionConfigurationPlatforms) = preSolution
		Debug|Any CPU = Debug|Any CPU
		Release|Any CPU = Release|Any CPU
	EndGlobalSection
	GlobalSection(ProjectConfigurationPlatforms) = postSolution
		{C119CCE7-E5DC-42E7-965D-117EB68403AE}.Debug|Any CPU.ActiveCfg = Debug|Any CPU
		{C119CCE7-E5DC-42E7-965D-117EB68403AE}.Debug|Any CPU.Build.0 = Debug|Any CPU
		{C119CCE7-E5DC-42E7-965D-117EB68403AE}.Release|Any CPU.ActiveCfg = Release|Any CPU
		{C119CCE7-E5DC-42E7-965D-117EB68403AE}.Release|Any CPU.Build.0 = Release|Any CPU
	EndGlobalSection
	GlobalSection(SolutionProperties) = preSolution
		HideSolutionNode = FALSE
	EndGlobalSection
	GlobalSection(ExtensibilityGlobals) = postSolution
		SolutionGuid = {E467C142-EBFF-4D8C-B3A7-53E5EBBFEA5C}
	EndGlobalSection
EndGlobal
